
Microsoft Visual Studio Solution File, Format Version 12.00
# Visual Studio Version 17
VisualStudioVersion = 17.3.32811.315
MinimumVisualStudioVersion = 10.0.40219.1
Project("{FAE04EC0-301F-11D3-BF4B-00C04F79EFBC}") = "ValidationControl", "ValidationControl\ValidationControl.csproj", "{EBDFEA1E-16EE-4D3D-B409-5413C1D8145E}"
EndProject
Global
	GlobalSection(SolutionConfigurationPlatforms) = preSolution
		Debug|Any CPU = Debug|Any CPU
		Release|Any CPU = Release|Any CPU
	EndGlobalSection
	GlobalSection(ProjectConfigurationPlatforms) = postSolution
		{EBDFEA1E-16EE-4D3D-B409-5413C1D8145E}.Debug|Any CPU.ActiveCfg = Debug|Any CPU
		{EBDFEA1E-16EE-4D3D-B409-5413C1D8145E}.Debug|Any CPU.Build.0 = Debug|Any CPU
		{EBDFEA1E-16EE-4D3D-B409-5413C1D8145E}.Release|Any CPU.ActiveCfg = Release|Any CPU
		{EBDFEA1E-16EE-4D3D-B409-5413C1D8145E}.Release|Any CPU.Build.0 = Release|Any CPU
	EndGlobalSection
	GlobalSection(SolutionProperties) = preSolution
		HideSolutionNode = FALSE
	EndGlobalSection
	GlobalSection(ExtensibilityGlobals) = postSolution
		SolutionGuid = {A2945E5F-9AE4-431D-8557-088A60D262FC}
	EndGlobalSection
EndGlobal
